
Microsoft Visual Studio Solution File, Format Version 12.00
# Visual Studio Version 16
VisualStudioVersion = 16.0.33423.256
MinimumVisualStudioVersion = 10.0.40219.1
Project("{FAE04EC0-301F-11D3-BF4B-00C04F79EFBC}") = "LKSApi", "LKSApi\LKSApi.csproj", "{119DF1FB-D9B1-4A92-93BB-4EA62EE1D9FD}"
EndProject
Global
	GlobalSection(SolutionConfigurationPlatforms) = preSolution
		Debug|Any CPU = Debug|Any CPU
		Release|Any CPU = Release|Any CPU
	EndGlobalSection
	GlobalSection(ProjectConfigurationPlatforms) = postSolution
		{119DF1FB-D9B1-4A92-93BB-4EA62EE1D9FD}.Debug|Any CPU.ActiveCfg = Debug|Any CPU
		{119DF1FB-D9B1-4A92-93BB-4EA62EE1D9FD}.Debug|Any CPU.Build.0 = Debug|Any CPU
		{119DF1FB-D9B1-4A92-93BB-4EA62EE1D9FD}.Release|Any CPU.ActiveCfg = Release|Any CPU
		{119DF1FB-D9B1-4A92-93BB-4EA62EE1D9FD}.Release|Any CPU.Build.0 = Release|Any CPU
	EndGlobalSection
	GlobalSection(SolutionProperties) = preSolution
		HideSolutionNode = FALSE
	EndGlobalSection
	GlobalSection(ExtensibilityGlobals) = postSolution
		SolutionGuid = {AC5F930C-CC8C-4EA5-BFCE-DCBA3013D957}
	EndGlobalSection
EndGlobal
